{
  "lockfileVersion": 1,
  "workspaces": {
    "": {
      "name": "@nasriya/zexi",
      "dependencies": {
        "@nasriya/atomix": "^1.0.25",
      },
      "devDependencies": {
        "@types/bun": "^1.4.2",
        "@types/jest": "^30.0.0",
        "@types/node": "^25.6.0",
      },
    },
  },
  "packages": {
    "@babel/code-frame": ["@babel/code-frame@7.29.7", "", { "dependencies": { "@babel/helper-validator-identifier": "^7.29.7", "js-tokens": "^4.0.0", "picocolors": "^1.1.1" } }, "sha512-Aup7aUOfpbAUg2ROOJN6Iw5f9DMBlzu0mIkm/malLQFN/YQgO48wCj0Kxa3sEHJvPVFg7siR+qRInwXd2qhQKw=="],

    "@babel/helper-validator-identifier": ["@babel/helper-validator-identifier@7.29.7", "", {}, "sha512-qehxGkRj55h/ff8EMaJ+cYhyaKlHIxqYDn682wQD7RNp9UujOQsHog2uS0r2vzr4pW+sXf90NeeayjcNaX3fFg=="],

    "@jest/diff-sequences": ["@jest/diff-sequences@30.5.0", "", {}, "sha512-OsqBjHXCn8cadasoAZBP6nWYvMsRhpMzGXTpxJ5aO04NlbdhIz+FVe3q49l0AwVhsz/cEmIpBes6gAFl1/dWQg=="],

    "@jest/expect-utils": ["@jest/expect-utils@30.5.1", "", { "dependencies": { "@jest/get-type": "30.5.0" } }, "sha512-WcRWhHQdTMRDpyWKZ/6MINBmovI7zeD+bL8wFjCncRV3NQOwKy1X45IfyblfHR4k/XciIlNEdFL9QjFO+HNKOg=="],

    "@jest/get-type": ["@jest/get-type@30.5.0", "", {}, "sha512-9/2VUPitAjmBzbvDvqrxmvB7BzWsBW0WmkkojX1ODuxX1NLGxx9gfaZpHB0z8DtJ9uhGNmZG/VXBhf8uO0OV8Q=="],

    "@jest/pattern": ["@jest/pattern@30.5.0", "", { "dependencies": { "@types/node": "*", "jest-regex-util": "30.5.0" } }, "sha512-HdNQYSdRTEBNrginaqzQtTjG0HRMfrra/z6Ok7uL3S87vSlarIVohEsJsSj5edu3MiHoHjAkvPROz5ZjoKai+w=="],

    "@jest/react-is-18": ["react-is@18.3.1", "", {}, "sha512-/LLMVyas0ljjAtoYiPqYiL8VWXzUUdThrmU5+n20DZv+a+ClRoevUzw5JxU+Ieh5/c87ytoTBV9G1FiKfNJdmg=="],

    "@jest/react-is-19": ["react-is@19.3.0", "", {}, "sha512-UpMYezM4v5/18F28aC66AEsjXIgE02kyEMH6yLdgLXu/UTfa1Ntwck/nNLrbqJsEXW7gPb0coNO9FQse9WTovA=="],

    "@jest/schemas": ["@jest/schemas@30.5.0", "", { "dependencies": { "@sinclair/typebox": "^0.34.0" } }, "sha512-/hunigyNpc4RCjC0VaW3f5RCUZVM2+WQ65qP7z083Gmvac7or2LI50XVNOtE4YPgBpV0yxYiAgorAPGniCoJmg=="],

    "@jest/types": ["@jest/types@30.5.1", "", { "dependencies": { "@jest/pattern": "30.5.0", "@jest/schemas": "30.5.0", "@types/istanbul-lib-coverage": "^2.0.6", "@types/istanbul-reports": "^3.0.4", "@types/node": "*", "@types/yargs": "^17.0.33", "chalk": "^4.1.2" } }, "sha512-LvVYn83nnXPl+Rg98nvcFgjx6nRMTArhSn6RAX/w3ELn54S8A42TYZvsCMdGUqTM8S0wyXbtlQdU6Hi6dykj9g=="],

    "@nasriya/atomix": ["@nasriya/atomix@1.0.25", "", { "dependencies": { "@nasriya/uuidx": "^1.0.3" } }, "sha512-GH5zYesRhAbEGi0orhT8LN2+2/zKNWq6H9GbwLbaxy6SfWEOT/w6YTnBlhi/E+yeLCmHlxIVtp6SS0dGxHNWMA=="],

    "@nasriya/uuidx": ["@nasriya/uuidx@1.0.3", "", {}, "sha512-sVw5/R9Gq3eaAkKTmCJ5UbV8vhh+r6auW2xFBZ+xKRx40CBcVNvxRcb2I+n5dP7osMeX5/fY9EgT5mcOCzZGQQ=="],

    "@sinclair/typebox": ["@sinclair/typebox@0.34.52", "", {}, "sha512-XiMQh7qqVlxZzcVD+kkGMNGMzcTrDMLWI7S4x7z1MkCkbDPrekpZXEUK0eZqZFMuHQg2a2DZOcDIh9o5v3Gonw=="],

    "@types/bun": ["@types/bun@1.4.2", "", { "dependencies": { "bun-types": "1.4.2" } }, "sha512-GimotNn7+ZV0uVArItBbriZsR1oNf0+WTzPkdcFrzShI7k2norL0uzEaJT8T33dWr7O/c9ZDuAFQrctKCi72oQ=="],

    "@types/istanbul-lib-coverage": ["@types/istanbul-lib-coverage@2.0.6", "", {}, "sha512-2QF/t/auWm0lsy8XtKVPG19v3sSOQlJe/YHZgfjb/KBBHOGSV+J2q/S671rcq9uTBrLAXmZpqJiaQbMT+zNU1w=="],

    "@types/istanbul-lib-report": ["@types/istanbul-lib-report@3.0.3", "", { "dependencies": { "@types/istanbul-lib-coverage": "*" } }, "sha512-NQn7AHQnk/RSLOxrBbGyJM/aVQ+pjj5HCgasFxc0K/KhoATfQ/47AyUl15I2yBUpihjmas+a+VJBOqecrFH+uA=="],

    "@types/istanbul-reports": ["@types/istanbul-reports@3.0.4", "", { "dependencies": { "@types/istanbul-lib-report": "*" } }, "sha512-pk2B1NWalF9toCRu6gjBzR69syFjP4Od8WRAX+0mmf9lAjCRicLOWc+ZrxZHx/0XRjotgkF9t6iaMJ+aXcOdZQ=="],

    "@types/jest": ["@types/jest@30.0.0", "", { "dependencies": { "expect": "^30.0.0", "pretty-format": "^30.0.0" } }, "sha512-XTYugzhuwqWjws0CVz8QpM36+T+Dz5mTEBKhNs/esGLnCIlGdRy+Dq78NRjd7ls7r8BC8ZRMOrKlkO1hU0JOwA=="],

    "@types/node": ["@types/node@25.6.0", "", { "dependencies": { "undici-types": "~7.19.0" } }, "sha512-+qIYRKdNYJwY3vRCZMdJbPLJAtGjQBudzZzdzwQYkEPQd+PJGixUL5QfvCLDaULoLv+RhT3LDkwEfKaAkgSmNQ=="],

    "@types/stack-utils": ["@types/stack-utils@2.0.3", "", {}, "sha512-9aEbYZ3TbYMznPdcdr3SmIrLXwC/AKZXQeCf9Pgao5CKb8CyHuEX5jzWPTkvregvhRJHcpRO6BFoGW9ycaOkYw=="],

    "@types/yargs": ["@types/yargs@17.0.35", "", { "dependencies": { "@types/yargs-parser": "*" } }, "sha512-qUHkeCyQFxMXg79wQfTtfndEC+N9ZZg76HJftDJp+qH2tV7Gj4OJi7l+PiWwJ+pWtW8GwSmqsDj/oymhrTWXjg=="],

    "@types/yargs-parser": ["@types/yargs-parser@21.0.3", "", {}, "sha512-I4q9QU9MQv4oEOz4tAHJtNz1cwuLxn2F3xcc2iV5WdqLPpUnj30aUuxt1mAxYTG+oe8CZMV/+6rU4S4gRDzqtQ=="],

    "ansi-styles": ["ansi-styles@5.2.0", "", {}, "sha512-Cxwpt2SfTzTtXcfOlzGEee8O+c+MmUgGrNiBcXnuWxuFJHe6a5Hz7qwhwe5OgaSYI0IJvkLqWX1ASG+cJOkEiA=="],

    "bun-types": ["bun-types@1.4.2", "", { "dependencies": { "@types/node": "*" } }, "sha512-bxV1FgK7yBIzjRe5zBozIM4Bem11ZJcCXSrjWRG3YWLt8yFDePu4cLjpebO8OvPeIE9trbyPF4fuj3Cia4Fj3w=="],

    "chalk": ["chalk@4.1.2", "", { "dependencies": { "ansi-styles": "^4.1.0", "supports-color": "^7.1.0" } }, "sha512-oKnbhFyRIXpUuez8iBMmyEa4nbj4IOQyuhc/wy9kY7/WVPcwIO9VA668Pu8RkO7+0G76SLROeyw9CpQ061i4mA=="],

    "ci-info": ["ci-info@4.4.0", "", {}, "sha512-77PSwercCZU2Fc4sX94eF8k8Pxte6JAwL4/ICZLFjJLqegs7kCuAsqqj/70NQF6TvDpgFjkubQB2FW2ZZddvQg=="],

    "color-convert": ["color-convert@2.0.1", "", { "dependencies": { "color-name": "~1.1.4" } }, "sha512-RRECPsj7iu/xb5oKYcsFHSppFNnsj/52OVTRKb4zP5onXwVF3zVmmToNcOfGC+CRDpfK/U584fMg38ZHCaElKQ=="],

    "color-name": ["color-name@1.1.4", "", {}, "sha512-dOy+3AuW3a2wNbZHIuMZpTcgjGuLU/uBL/ubcZF9OXbDo8ff4O8yVp5Bf0efS8uEoYo5q4Fx7dY9OgQGXgAsQA=="],

    "escape-string-regexp": ["escape-string-regexp@2.0.0", "", {}, "sha512-UpzcLCXolUWcNu5HtVMHYdXJjArjsF9C0aNnquZYY4uW/Vu0miy5YoWvbV345HauVvcAUnpRuhMMcqTcGOY2+w=="],

    "expect": ["expect@30.5.1", "", { "dependencies": { "@jest/expect-utils": "30.5.1", "@jest/get-type": "30.5.0", "jest-matcher-utils": "30.5.1", "jest-message-util": "30.5.1", "jest-mock": "30.5.1", "jest-util": "30.5.1" } }, "sha512-m8YrYgvKe9+9gEnWEuKz+qCGfHqkrff7PPfyDnOFkjsfYRKqiYyOxDFMFieCGAuhtk/VNm63tvNgKZVzVy+Hvg=="],

    "graceful-fs": ["graceful-fs@4.2.11", "", {}, "sha512-RbJ5/jmFcNNCcDV5o9eTnBLJ/HszWV0P73bc+Ff4nS/rJj+YaS6IGyiOL0VoBYX+l1Wrl3k63h/KrH+nhJ0XvQ=="],

    "has-flag": ["has-flag@4.0.0", "", {}, "sha512-EykJT/Q1KjTWctppgIAgfSO0tKVuZUjhgMr17kqTumMl6Afv3EISleU7qZUzoXDFTAHTDC4NOoG/ZxU3EvlMPQ=="],

    "jest-diff": ["jest-diff@30.5.1", "", { "dependencies": { "@jest/diff-sequences": "30.5.0", "@jest/get-type": "30.5.0", "chalk": "^4.1.2", "pretty-format": "30.5.1" } }, "sha512-e3cNNMpv8Kh20MjjphTXs+3Vz7DQyLM1nft7KJhnh46atFhjVJRa+0Hq0beywuwsACtMQUBihQkFl8zxb7gt1Q=="],

    "jest-matcher-utils": ["jest-matcher-utils@30.5.1", "", { "dependencies": { "@jest/get-type": "30.5.0", "chalk": "^4.1.2", "jest-diff": "30.5.1", "pretty-format": "30.5.1" } }, "sha512-aroZVqwOz/wC2y6pC+obgFWKV9viaQWQTTSB6W5H55+egtUczIfXR/rxExTv92xD/ADYwpqaYfVWx1aqwKg7FA=="],

    "jest-message-util": ["jest-message-util@30.5.1", "", { "dependencies": { "@babel/code-frame": "^7.27.1", "@jest/types": "30.5.1", "@types/stack-utils": "^2.0.3", "chalk": "^4.1.2", "graceful-fs": "^4.2.11", "jest-util": "30.5.1", "picomatch": "^4.0.3", "pretty-format": "30.5.1", "slash": "^3.0.0", "stack-utils": "^2.0.6" } }, "sha512-UdQlLdd9wL/Ys7xRErckqwD6wPlSZYueosSWuHc1r2ztGLwlgPvtSJq2+BPEgaEY13WLvfFbmhTj8pba0Sd1jg=="],

    "jest-mock": ["jest-mock@30.5.1", "", { "dependencies": { "@jest/expect-utils": "30.5.1", "@jest/types": "30.5.1", "@types/node": "*", "jest-util": "30.5.1" } }, "sha512-9fVjc3leUpGID2/by/LU4Dvdcp7PFh9LlxS3QRWK3ABm+KtvEVsG/AEGeLY3gKOZsjkBxyfwGltoAVlW7dygHg=="],

    "jest-regex-util": ["jest-regex-util@30.5.0", "", {}, "sha512-Mg0WK7A6xRHLSA1udJ8y9f3lM0uUhFTBnLKzwPmqB9AylvpleJ6BLemR8K9dK27DY+cesDryoA7yLZCAHsPG1A=="],

    "jest-util": ["jest-util@30.5.1", "", { "dependencies": { "@jest/types": "30.5.1", "@types/node": "*", "chalk": "^4.1.2", "ci-info": "^4.2.0", "graceful-fs": "^4.2.11", "picomatch": "^4.0.3" } }, "sha512-yKuxmNy2rSbTXw+3SIPanJo+nV4/BS1p26v44IYBFMsswSQySfMMcPHErnOncda7i9HEz0q605rIhSTBVgrZTg=="],

    "js-tokens": ["js-tokens@4.0.0", "", {}, "sha512-RdJUflcE3cUzKiMqQgsCu06FPu9UdIJO0beYbPhHN4k6apgJtifcoCtT9bcxOpYBtpD2kCM6Sbzg4CausW/PKQ=="],

    "picocolors": ["picocolors@1.1.1", "", {}, "sha512-xceH2snhtb5M9liqDsmEw56le376mTZkEX/jEb/RxNFyegNul7eNslCXP9FDj/Lcu0X8KEyMceP2ntpaHrDEVA=="],

    "picomatch": ["picomatch@4.0.7", "", {}, "sha512-qcJu88Q2IWqJsDD529JKMdwGm/dvInW4HvQnRwiH9JtihJvzGOscDtHE3x1pBKeUOTysQ8kVmLnJ2kJu7yhcGA=="],

    "pretty-format": ["pretty-format@30.5.1", "", { "dependencies": { "@jest/react-is-18": "npm:react-is@^18.3.1", "@jest/react-is-19": "npm:react-is@^19.2.5", "@jest/schemas": "30.5.0", "ansi-styles": "^5.2.0" } }, "sha512-byhRAPguVKMQIj4kjJwJ5lAskVhfuiSdiYl/aLTWpgkGEmic2jYhJh1yE9ih8Ox44Xg9ccCT11/S6QrzSJuNrg=="],

    "slash": ["slash@3.0.0", "", {}, "sha512-g9Q1haeby36OSStwb4ntCGGGaKsaVSjQ68fBxoQcutl5fS1vuY18H3wSt3jFyFtrkx+Kz0V1G85A4MyAdDMi2Q=="],

    "stack-utils": ["stack-utils@2.0.6", "", { "dependencies": { "escape-string-regexp": "^2.0.0" } }, "sha512-XlkWvfIm6RmsWtNJx+uqtKLS8eqFbxUg0ZzLXqY0caEy9l7hruX8IpiDnjsLavoBgqCCR71TqWO8MaXYheJ3RQ=="],

    "supports-color": ["supports-color@7.2.0", "", { "dependencies": { "has-flag": "^4.0.0" } }, "sha512-qpCAvRl9stuOHveKsn7HncJRvv501qIacKzQlO/+Lwxc9+0q2wLyv4Dfvt80/DPn2pqOBsJdDiogXGR9+OvwRw=="],

    "undici-types": ["undici-types@7.19.2", "", {}, "sha512-qYVnV5OEm2AW8cJMCpdV20CDyaN3g0AjDlOGf1OW4iaDEx8MwdtChUp4zu4H0VP3nDRF/8RKWH+IPp9uW0YGZg=="],

    "chalk/ansi-styles": ["ansi-styles@4.3.0", "", { "dependencies": { "color-convert": "^2.0.1" } }, "sha512-zbB9rCJAT1rbjiVDb2hqKFHNYLxgtk8NURxZ3IZwD3F6NtxbXZQCnnSi1Lkx+IDohdPlFp222wVALIheZJQSEg=="],
  }
}
